// !$*UTF8*$!
{
	archiveVersion = 1;
	classes = {
	};
	objectVersion = 56;
	objects = {

/* Begin PBXBuildFile section */
		B7ACC4DE2C5042D600B0B78F /* HomePresenter.swift in Sources */ = {isa = PBXBuildFile; fileRef = B7ACC4D82C5042D600B0B78F /* HomePresenter.swift */; };
		B7ACC4DF2C5042D600B0B78F /* HomeRouter.swift in Sources */ = {isa = PBXBuildFile; fileRef = B7ACC4D92C5042D600B0B78F /* HomeRouter.swift */; };
		B7ACC4E02C5042D600B0B78F /* HomeViewController.swift in Sources */ = {isa = PBXBuildFile; fileRef = B7ACC4DA2C5042D600B0B78F /* HomeViewController.swift */; };
		B7ACC4E12C5042D600B0B78F /* HomeProtocols.swift in Sources */ = {isa = PBXBuildFile; fileRef = B7ACC4DB2C5042D600B0B78F /* HomeProtocols.swift */; };
		B7ACC4E22C5042D600B0B78F /* HomeBuilder.swift in Sources */ = {isa = PBXBuildFile; fileRef = B7ACC4DC2C5042D600B0B78F /* HomeBuilder.swift */; };
		B7ACC4E32C5042D600B0B78F /* HomeInteractor.swift in Sources */ = {isa = PBXBuildFile; fileRef = B7ACC4DD2C5042D600B0B78F /* HomeInteractor.swift */; };
		B7AD22A62C50602E00237740 /* Localizable.xcstrings in Resources */ = {isa = PBXBuildFile; fileRef = B7AD22A52C50602E00237740 /* Localizable.xcstrings */; };
		B7AD22A92C5060DB00237740 /* NetworkManager.swift in Sources */ = {isa = PBXBuildFile; fileRef = B7AD22A82C5060DB00237740 /* NetworkManager.swift */; };
		B7AD22AB2C50613200237740 /* InternetConnectionManager.swift in Sources */ = {isa = PBXBuildFile; fileRef = B7AD22AA2C50613200237740 /* InternetConnectionManager.swift */; };
		B7AD22AE2C5061D500237740 /* NetworkEngine.swift in Sources */ = {isa = PBXBuildFile; fileRef = B7AD22AD2C5061D500237740 /* NetworkEngine.swift */; };
		B7AD22B32C50624900237740 /* API.swift in Sources */ = {isa = PBXBuildFile; fileRef = B7AD22B22C50624900237740 /* API.swift */; };
		B7AD22B62C50637000237740 /* NSError+Extension.swift in Sources */ = {isa = PBXBuildFile; fileRef = B7AD22B52C50637000237740 /* NSError+Extension.swift */; };
		B7AD22B92C50676500237740 /* PokemonData.swift in Sources */ = {isa = PBXBuildFile; fileRef = B7AD22B82C50676500237740 /* PokemonData.swift */; };
		B7AD22BE2C50682B00237740 /* PokemonSpeciesResponse.swift in Sources */ = {isa = PBXBuildFile; fileRef = B7AD22BD2C50682A00237740 /* PokemonSpeciesResponse.swift */; };
		B7AD22C02C50688800237740 /* PokemonResponse.swift in Sources */ = {isa = PBXBuildFile; fileRef = B7AD22BF2C50688800237740 /* PokemonResponse.swift */; };
		B7AD22C22C50695200237740 /* APIPokemonRouter.swift in Sources */ = {isa = PBXBuildFile; fileRef = B7AD22C12C50695200237740 /* APIPokemonRouter.swift */; };
		B7AD22C42C506BE900237740 /* NetworkingHomeAdapter.swift in Sources */ = {isa = PBXBuildFile; fileRef = B7AD22C32C506BE900237740 /* NetworkingHomeAdapter.swift */; };
		B7AD22C62C50722100237740 /* PokemonListResponse.swift in Sources */ = {isa = PBXBuildFile; fileRef = B7AD22C52C50722100237740 /* PokemonListResponse.swift */; };
		B7AD22CB2C50B3CD00237740 /* HomePresenterTest.swift in Sources */ = {isa = PBXBuildFile; fileRef = B7AD22C92C50B3CD00237740 /* HomePresenterTest.swift */; };
		B7AD22CC2C50B3CD00237740 /* HomeInteractorTest.swift in Sources */ = {isa = PBXBuildFile; fileRef = B7AD22CA2C50B3CD00237740 /* HomeInteractorTest.swift */; };
		B7AD22CF2C50B52600237740 /* NetworkingHomeAdapterMock.swift in Sources */ = {isa = PBXBuildFile; fileRef = B7AD22CE2C50B52600237740 /* NetworkingHomeAdapterMock.swift */; };
		B7AD22D22C50B5D400237740 /* DummyData.swift in Sources */ = {isa = PBXBuildFile; fileRef = B7AD22D12C50B5D400237740 /* DummyData.swift */; };
		B7FD2EDD2C5040DC00FF48ED /* AppDelegate.swift in Sources */ = {isa = PBXBuildFile; fileRef = B7FD2EDC2C5040DC00FF48ED /* AppDelegate.swift */; };
		B7FD2EDF2C5040DC00FF48ED /* SceneDelegate.swift in Sources */ = {isa = PBXBuildFile; fileRef = B7FD2EDE2C5040DC00FF48ED /* SceneDelegate.swift */; };
		B7FD2EE62C5040DE00FF48ED /* Assets.xcassets in Resources */ = {isa = PBXBuildFile; fileRef = B7FD2EE52C5040DE00FF48ED /* Assets.xcassets */; };
		B7FD2EE92C5040DE00FF48ED /* Base in Resources */ = {isa = PBXBuildFile; fileRef = B7FD2EE82C5040DE00FF48ED /* Base */; };
		B7FD2EF42C5040DE00FF48ED /* PokedexTests.swift in Sources */ = {isa = PBXBuildFile; fileRef = B7FD2EF32C5040DE00FF48ED /* PokedexTests.swift */; };
/* End PBXBuildFile section */

/* Begin PBXContainerItemProxy section */
		B7FD2EF02C5040DE00FF48ED /* PBXContainerItemProxy */ = {
			isa = PBXContainerItemProxy;
			containerPortal = B7FD2ED12C5040DC00FF48ED /* Project object */;
			proxyType = 1;
			remoteGlobalIDString = B7FD2ED82C5040DC00FF48ED;
			remoteInfo = Pokedex;
		};
/* End PBXContainerItemProxy section */

/* Begin PBXFileReference section */
		B7ACC4D82C5042D600B0B78F /* HomePresenter.swift */ = {isa = PBXFileReference; lastKnownFileType = sourcecode.swift; path = HomePresenter.swift; sourceTree = "<group>"; };
		B7ACC4D92C5042D600B0B78F /* HomeRouter.swift */ = {isa = PBXFileReference; lastKnownFileType = sourcecode.swift; path = HomeRouter.swift; sourceTree = "<group>"; };
		B7ACC4DA2C5042D600B0B78F /* HomeViewController.swift */ = {isa = PBXFileReference; lastKnownFileType = sourcecode.swift; path = HomeViewController.swift; sourceTree = "<group>"; };
		B7ACC4DB2C5042D600B0B78F /* HomeProtocols.swift */ = {isa = PBXFileReference; lastKnownFileType = sourcecode.swift; path = HomeProtocols.swift; sourceTree = "<group>"; };
		B7ACC4DC2C5042D600B0B78F /* HomeBuilder.swift */ = {isa = PBXFileReference; lastKnownFileType = sourcecode.swift; path = HomeBuilder.swift; sourceTree = "<group>"; };
		B7ACC4DD2C5042D600B0B78F /* HomeInteractor.swift */ = {isa = PBXFileReference; lastKnownFileType = sourcecode.swift; path = HomeInteractor.swift; sourceTree = "<group>"; };
		B7AD22A52C50602E00237740 /* Localizable.xcstrings */ = {isa = PBXFileReference; lastKnownFileType = text.json.xcstrings; path = Localizable.xcstrings; sourceTree = "<group>"; };
		B7AD22A82C5060DB00237740 /* NetworkManager.swift */ = {isa = PBXFileReference; lastKnownFileType = sourcecode.swift; path = NetworkManager.swift; sourceTree = "<group>"; };
		B7AD22AA2C50613200237740 /* InternetConnectionManager.swift */ = {isa = PBXFileReference; lastKnownFileType = sourcecode.swift; path = InternetConnectionManager.swift; sourceTree = "<group>"; };
		B7AD22AD2C5061D500237740 /* NetworkEngine.swift */ = {isa = PBXFileReference; lastKnownFileType = sourcecode.swift; path = NetworkEngine.swift; sourceTree = "<group>"; };
		B7AD22B22C50624900237740 /* API.swift */ = {isa = PBXFileReference; lastKnownFileType = sourcecode.swift; path = API.swift; sourceTree = "<group>"; };
		B7AD22B52C50637000237740 /* NSError+Extension.swift */ = {isa = PBXFileReference; lastKnownFileType = sourcecode.swift; path = "NSError+Extension.swift"; sourceTree = "<group>"; };
		B7AD22B82C50676500237740 /* PokemonData.swift */ = {isa = PBXFileReference; lastKnownFileType = sourcecode.swift; path = PokemonData.swift; sourceTree = "<group>"; };
		B7AD22BD2C50682A00237740 /* PokemonSpeciesResponse.swift */ = {isa = PBXFileReference; lastKnownFileType = sourcecode.swift; path = PokemonSpeciesResponse.swift; sourceTree = "<group>"; };
		B7AD22BF2C50688800237740 /* PokemonResponse.swift */ = {isa = PBXFileReference; lastKnownFileType = sourcecode.swift; path = PokemonResponse.swift; sourceTree = "<group>"; };
		B7AD22C12C50695200237740 /* APIPokemonRouter.swift */ = {isa = PBXFileReference; lastKnownFileType = sourcecode.swift; path = APIPokemonRouter.swift; sourceTree = "<group>"; };
		B7AD22C32C506BE900237740 /* NetworkingHomeAdapter.swift */ = {isa = PBXFileReference; lastKnownFileType = sourcecode.swift; path = NetworkingHomeAdapter.swift; sourceTree = "<group>"; };
		B7AD22C52C50722100237740 /* PokemonListResponse.swift */ = {isa = PBXFileReference; lastKnownFileType = sourcecode.swift; path = PokemonListResponse.swift; sourceTree = "<group>"; };
		B7AD22C92C50B3CD00237740 /* HomePresenterTest.swift */ = {isa = PBXFileReference; lastKnownFileType = sourcecode.swift; path = HomePresenterTest.swift; sourceTree = "<group>"; };
		B7AD22CA2C50B3CD00237740 /* HomeInteractorTest.swift */ = {isa = PBXFileReference; lastKnownFileType = sourcecode.swift; path = HomeInteractorTest.swift; sourceTree = "<group>"; };
		B7AD22CE2C50B52600237740 /* NetworkingHomeAdapterMock.swift */ = {isa = PBXFileReference; lastKnownFileType = sourcecode.swift; path = NetworkingHomeAdapterMock.swift; sourceTree = "<group>"; };
		B7AD22D12C50B5D400237740 /* DummyData.swift */ = {isa = PBXFileReference; lastKnownFileType = sourcecode.swift; path = DummyData.swift; sourceTree = "<group>"; };
		B7FD2ED92C5040DC00FF48ED /* Pokedex.app */ = {isa = PBXFileReference; explicitFileType = wrapper.application; includeInIndex = 0; path = Pokedex.app; sourceTree = BUILT_PRODUCTS_DIR; };
		B7FD2EDC2C5040DC00FF48ED /* AppDelegate.swift */ = {isa = PBXFileReference; lastKnownFileType = sourcecode.swift; path = AppDelegate.swift; sourceTree = "<group>"; };
		B7FD2EDE2C5040DC00FF48ED /* SceneDelegate.swift */ = {isa = PBXFileReference; lastKnownFileType = sourcecode.swift; path = SceneDelegate.swift; sourceTree = "<group>"; };
		B7FD2EE52C5040DE00FF48ED /* Assets.xcassets */ = {isa = PBXFileReference; lastKnownFileType = folder.assetcatalog; path = Assets.xcassets; sourceTree = "<group>"; };
		B7FD2EE82C5040DE00FF48ED /* Base */ = {isa = PBXFileReference; lastKnownFileType = file.storyboard; name = Base; path = Base.lproj/LaunchScreen.storyboard; sourceTree = "<group>"; };
		B7FD2EEA2C5040DE00FF48ED /* Info.plist */ = {isa = PBXFileReference; lastKnownFileType = text.plist.xml; path = Info.plist; sourceTree = "<group>"; };
		B7FD2EEF2C5040DE00FF48ED /* PokedexTests.xctest */ = {isa = PBXFileReference; explicitFileType = wrapper.cfbundle; includeInIndex = 0; path = PokedexTests.xctest; sourceTree = BUILT_PRODUCTS_DIR; };
		B7FD2EF32C5040DE00FF48ED /* PokedexTests.swift */ = {isa = PBXFileReference; lastKnownFileType = sourcecode.swift; path = PokedexTests.swift; sourceTree = "<group>"; };
/* End PBXFileReference section */

/* Begin PBXFrameworksBuildPhase section */
		B7FD2ED62C5040DC00FF48ED /* Frameworks */ = {
			isa = PBXFrameworksBuildPhase;
			buildActionMask = 2147483647;
			files = (
			);
			runOnlyForDeploymentPostprocessing = 0;
		};
		B7FD2EEC2C5040DE00FF48ED /* Frameworks */ = {
			isa = PBXFrameworksBuildPhase;
			buildActionMask = 2147483647;
			files = (
			);
			runOnlyForDeploymentPostprocessing = 0;
		};
/* End PBXFrameworksBuildPhase section */

/* Begin PBXGroup section */
		B7ACC4E42C504ACE00B0B78F /* SupportingFiles */ = {
			isa = PBXGroup;
			children = (
				B7AD22A52C50602E00237740 /* Localizable.xcstrings */,
			);
			path = SupportingFiles;
			sourceTree = "<group>";
		};
		B7AD22A72C50609100237740 /* Managers */ = {
			isa = PBXGroup;
			children = (
				B7AD22A82C5060DB00237740 /* NetworkManager.swift */,
				B7AD22AA2C50613200237740 /* InternetConnectionManager.swift */,
			);
			path = Managers;
			sourceTree = "<group>";
		};
		B7AD22AC2C50617A00237740 /* Networking */ = {
			isa = PBXGroup;
			children = (
				B7AD22BB2C5067EC00237740 /* ServiceResponse */,
				B7AD22B02C5061F300237740 /* APIRouters */,
				B7AD22AF2C5061EA00237740 /* Adapters */,
				B7AD22AD2C5061D500237740 /* NetworkEngine.swift */,
			);
			path = Networking;
			sourceTree = "<group>";
		};
		B7AD22AF2C5061EA00237740 /* Adapters */ = {
			isa = PBXGroup;
			children = (
				B7AD22C32C506BE900237740 /* NetworkingHomeAdapter.swift */,
			);
			path = Adapters;
			sourceTree = "<group>";
		};
		B7AD22B02C5061F300237740 /* APIRouters */ = {
			isa = PBXGroup;
			children = (
				B7AD22B22C50624900237740 /* API.swift */,
				B7AD22C12C50695200237740 /* APIPokemonRouter.swift */,
			);
			path = APIRouters;
			sourceTree = "<group>";
		};
		B7AD22B42C50632D00237740 /* Extensions */ = {
			isa = PBXGroup;
			children = (
				B7AD22B52C50637000237740 /* NSError+Extension.swift */,
			);
			path = Extensions;
			sourceTree = "<group>";
		};
		B7AD22B72C5066F000237740 /* Entities */ = {
			isa = PBXGroup;
			children = (
				B7AD22B82C50676500237740 /* PokemonData.swift */,
			);
			path = Entities;
			sourceTree = "<group>";
		};
		B7AD22BB2C5067EC00237740 /* ServiceResponse */ = {
			isa = PBXGroup;
			children = (
				B7AD22BD2C50682A00237740 /* PokemonSpeciesResponse.swift */,
				B7AD22BF2C50688800237740 /* PokemonResponse.swift */,
				B7AD22C52C50722100237740 /* PokemonListResponse.swift */,
			);
			path = ServiceResponse;
			sourceTree = "<group>";
		};
		B7AD22C72C50B39700237740 /* Modules */ = {
			isa = PBXGroup;
			children = (
				B7AD22C82C50B39D00237740 /* Home */,
			);
			path = Modules;
			sourceTree = "<group>";
		};
		B7AD22C82C50B39D00237740 /* Home */ = {
			isa = PBXGroup;
			children = (
				B7AD22C92C50B3CD00237740 /* HomePresenterTest.swift */,
				B7AD22CA2C50B3CD00237740 /* HomeInteractorTest.swift */,
			);
			path = Home;
			sourceTree = "<group>";
		};
		B7AD22CD2C50B4F400237740 /* Mocks */ = {
			isa = PBXGroup;
			children = (
				B7AD22CE2C50B52600237740 /* NetworkingHomeAdapterMock.swift */,
			);
			path = Mocks;
			sourceTree = "<group>";
		};
		B7AD22D02C50B5B400237740 /* Dummy */ = {
			isa = PBXGroup;
			children = (
				B7AD22D12C50B5D400237740 /* DummyData.swift */,
			);
			path = Dummy;
			sourceTree = "<group>";
		};
		B7FD2ED02C5040DC00FF48ED = {
			isa = PBXGroup;
			children = (
				B7FD2EDB2C5040DC00FF48ED /* Pokedex */,
				B7FD2EF22C5040DE00FF48ED /* PokedexTests */,
				B7FD2EDA2C5040DC00FF48ED /* Products */,
			);
			sourceTree = "<group>";
		};
		B7FD2EDA2C5040DC00FF48ED /* Products */ = {
			isa = PBXGroup;
			children = (
				B7FD2ED92C5040DC00FF48ED /* Pokedex.app */,
				B7FD2EEF2C5040DE00FF48ED /* PokedexTests.xctest */,
			);
			name = Products;
			sourceTree = "<group>";
		};
		B7FD2EDB2C5040DC00FF48ED /* Pokedex */ = {
			isa = PBXGroup;
			children = (
				B7AD22B72C5066F000237740 /* Entities */,
				B7AD22B42C50632D00237740 /* Extensions */,
				B7AD22AC2C50617A00237740 /* Networking */,
				B7AD22A72C50609100237740 /* Managers */,
				B7ACC4E42C504ACE00B0B78F /* SupportingFiles */,
				B7FD2F192C50428B00FF48ED /* Modules */,
				B7FD2EDC2C5040DC00FF48ED /* AppDelegate.swift */,
				B7FD2EDE2C5040DC00FF48ED /* SceneDelegate.swift */,
				B7FD2EE52C5040DE00FF48ED /* Assets.xcassets */,
				B7FD2EE72C5040DE00FF48ED /* LaunchScreen.storyboard */,
				B7FD2EEA2C5040DE00FF48ED /* Info.plist */,
			);
			path = Pokedex;
			sourceTree = "<group>";
		};
		B7FD2EF22C5040DE00FF48ED /* PokedexTests */ = {
			isa = PBXGroup;
			children = (
				B7AD22D02C50B5B400237740 /* Dummy */,
				B7AD22CD2C50B4F400237740 /* Mocks */,
				B7AD22C72C50B39700237740 /* Modules */,
				B7FD2EF32C5040DE00FF48ED /* PokedexTests.swift */,
			);
			path = PokedexTests;
			sourceTree = "<group>";
		};
		B7FD2F192C50428B00FF48ED /* Modules */ = {
			isa = PBXGroup;
			children = (
				B7FD2F1A2C50429200FF48ED /* Home */,
			);
			path = Modules;
			sourceTree = "<group>";
		};
		B7FD2F1A2C50429200FF48ED /* Home */ = {
			isa = PBXGroup;
			children = (
				B7ACC4D82C5042D600B0B78F /* HomePresenter.swift */,
				B7ACC4D92C5042D600B0B78F /* HomeRouter.swift */,
				B7ACC4DA2C5042D600B0B78F /* HomeViewController.swift */,
				B7ACC4DB2C5042D600B0B78F /* HomeProtocols.swift */,
				B7ACC4DC2C5042D600B0B78F /* HomeBuilder.swift */,
				B7ACC4DD2C5042D600B0B78F /* HomeInteractor.swift */,
			);
			path = Home;
			sourceTree = "<group>";
		};
/* End PBXGroup section */

/* Begin PBXNativeTarget section */
		B7FD2ED82C5040DC00FF48ED /* Pokedex */ = {
			isa = PBXNativeTarget;
			buildConfigurationList = B7FD2F032C5040DE00FF48ED /* Build configuration list for PBXNativeTarget "Pokedex" */;
			buildPhases = (
				B7FD2ED52C5040DC00FF48ED /* Sources */,
				B7FD2ED62C5040DC00FF48ED /* Frameworks */,
				B7FD2ED72C5040DC00FF48ED /* Resources */,
			);
			buildRules = (
			);
			dependencies = (
			);
			name = Pokedex;
			productName = Pokedex;
			productReference = B7FD2ED92C5040DC00FF48ED /* Pokedex.app */;
			productType = "com.apple.product-type.application";
		};
		B7FD2EEE2C5040DE00FF48ED /* PokedexTests */ = {
			isa = PBXNativeTarget;
			buildConfigurationList = B7FD2F062C5040DE00FF48ED /* Build configuration list for PBXNativeTarget "PokedexTests" */;
			buildPhases = (
				B7FD2EEB2C5040DE00FF48ED /* Sources */,
				B7FD2EEC2C5040DE00FF48ED /* Frameworks */,
				B7FD2EED2C5040DE00FF48ED /* Resources */,
			);
			buildRules = (
			);
			dependencies = (
				B7FD2EF12C5040DE00FF48ED /* PBXTargetDependency */,
			);
			name = PokedexTests;
			productName = PokedexTests;
			productReference = B7FD2EEF2C5040DE00FF48ED /* PokedexTests.xctest */;
			productType = "com.apple.product-type.bundle.unit-test";
		};
/* End PBXNativeTarget section */

/* Begin PBXProject section */
		B7FD2ED12C5040DC00FF48ED /* Project object */ = {
			isa = PBXProject;
			attributes = {
				BuildIndependentTargetsInParallel = 1;
				LastSwiftUpdateCheck = 1540;
				LastUpgradeCheck = 1540;
				TargetAttributes = {
					B7FD2ED82C5040DC00FF48ED = {
						CreatedOnToolsVersion = 15.4;
					};
					B7FD2EEE2C5040DE00FF48ED = {
						CreatedOnToolsVersion = 15.4;
						TestTargetID = B7FD2ED82C5040DC00FF48ED;
					};
				};
			};
			buildConfigurationList = B7FD2ED42C5040DC00FF48ED /* Build configuration list for PBXProject "Pokedex" */;
			compatibilityVersion = "Xcode 14.0";
			developmentRegion = en;
			hasScannedForEncodings = 0;
			knownRegions = (
				en,
				Base,
			);
			mainGroup = B7FD2ED02C5040DC00FF48ED;
			productRefGroup = B7FD2EDA2C5040DC00FF48ED /* Products */;
			projectDirPath = "";
			projectRoot = "";
			targets = (
				B7FD2ED82C5040DC00FF48ED /* Pokedex */,
				B7FD2EEE2C5040DE00FF48ED /* PokedexTests */,
			);
		};
/* End PBXProject section */

/* Begin PBXResourcesBuildPhase section */
		B7FD2ED72C5040DC00FF48ED /* Resources */ = {
			isa = PBXResourcesBuildPhase;
			buildActionMask = 2147483647;
			files = (
				B7FD2EE62C5040DE00FF48ED /* Assets.xcassets in Resources */,
				B7FD2EE92C5040DE00FF48ED /* Base in Resources */,
				B7AD22A62C50602E00237740 /* Localizable.xcstrings in Resources */,
			);
			runOnlyForDeploymentPostprocessing = 0;
		};
		B7FD2EED2C5040DE00FF48ED /* Resources */ = {
			isa = PBXResourcesBuildPhase;
			buildActionMask = 2147483647;
			files = (
			);
			runOnlyForDeploymentPostprocessing = 0;
		};
/* End PBXResourcesBuildPhase section */

/* Begin PBXSourcesBuildPhase section */
		B7FD2ED52C5040DC00FF48ED /* Sources */ = {
			isa = PBXSourcesBuildPhase;
			buildActionMask = 2147483647;
			files = (
				B7AD22BE2C50682B00237740 /* PokemonSpeciesResponse.swift in Sources */,
				B7AD22AE2C5061D500237740 /* NetworkEngine.swift in Sources */,
				B7AD22B92C50676500237740 /* PokemonData.swift in Sources */,
				B7AD22A92C5060DB00237740 /* NetworkManager.swift in Sources */,
				B7FD2EDD2C5040DC00FF48ED /* AppDelegate.swift in Sources */,
				B7ACC4DE2C5042D600B0B78F /* HomePresenter.swift in Sources */,
				B7ACC4DF2C5042D600B0B78F /* HomeRouter.swift in Sources */,
				B7ACC4E02C5042D600B0B78F /* HomeViewController.swift in Sources */,
				B7AD22C02C50688800237740 /* PokemonResponse.swift in Sources */,
				B7AD22C62C50722100237740 /* PokemonListResponse.swift in Sources */,
				B7AD22AB2C50613200237740 /* InternetConnectionManager.swift in Sources */,
				B7AD22B62C50637000237740 /* NSError+Extension.swift in Sources */,
				B7ACC4E12C5042D600B0B78F /* HomeProtocols.swift in Sources */,
				B7ACC4E22C5042D600B0B78F /* HomeBuilder.swift in Sources */,
				B7ACC4E32C5042D600B0B78F /* HomeInteractor.swift in Sources */,
				B7AD22C42C506BE900237740 /* NetworkingHomeAdapter.swift in Sources */,
				B7AD22B32C50624900237740 /* API.swift in Sources */,
				B7FD2EDF2C5040DC00FF48ED /* SceneDelegate.swift in Sources */,
				B7AD22C22C50695200237740 /* APIPokemonRouter.swift in Sources */,
			);
			runOnlyForDeploymentPostprocessing = 0;
		};
		B7FD2EEB2C5040DE00FF48ED /* Sources */ = {
			isa = PBXSourcesBuildPhase;
			buildActionMask = 2147483647;
			files = (
				B7AD22CB2C50B3CD00237740 /* HomePresenterTest.swift in Sources */,
				B7AD22CF2C50B52600237740 /* NetworkingHomeAdapterMock.swift in Sources */,
				B7AD22CC2C50B3CD00237740 /* HomeInteractorTest.swift in Sources */,
				B7AD22D22C50B5D400237740 /* DummyData.swift in Sources */,
				B7FD2EF42C5040DE00FF48ED /* PokedexTests.swift in Sources */,
			);
			runOnlyForDeploymentPostprocessing = 0;
		};
/* End PBXSourcesBuildPhase section */

/* Begin PBXTargetDependency section */
		B7FD2EF12C5040DE00FF48ED /* PBXTargetDependency */ = {
			isa = PBXTargetDependency;
			target = B7FD2ED82C5040DC00FF48ED /* Pokedex */;
			targetProxy = B7FD2EF02C5040DE00FF48ED /* PBXContainerItemProxy */;
		};
/* End PBXTargetDependency section */

/* Begin PBXVariantGroup section */
		B7FD2EE72C5040DE00FF48ED /* LaunchScreen.storyboard */ = {
			isa = PBXVariantGroup;
			children = (
				B7FD2EE82C5040DE00FF48ED /* Base */,
			);
			name = LaunchScreen.storyboard;
			sourceTree = "<group>";
		};
/* End PBXVariantGroup section */

/* Begin XCBuildConfiguration section */
		B7FD2F012C5040DE00FF48ED /* Debug */ = {
			isa = XCBuildConfiguration;
			buildSettings = {
				ALWAYS_SEARCH_USER_PATHS = NO;
				ASSETCATALOG_COMPILER_GENERATE_SWIFT_ASSET_SYMBOL_EXTENSIONS = YES;
				CLANG_ANALYZER_NONNULL = YES;
				CLANG_ANALYZER_NUMBER_OBJECT_CONVERSION = YES_AGGRESSIVE;
				CLANG_CXX_LANGUAGE_STANDARD = "gnu++20";
				CLANG_ENABLE_MODULES = YES;
				CLANG_ENABLE_OBJC_ARC = YES;
				CLANG_ENABLE_OBJC_WEAK = YES;
				CLANG_WARN_BLOCK_CAPTURE_AUTORELEASING = YES;
				CLANG_WARN_BOOL_CONVERSION = YES;
				CLANG_WARN_COMMA = YES;
				CLANG_WARN_CONSTANT_CONVERSION = YES;
				CLANG_WARN_DEPRECATED_OBJC_IMPLEMENTATIONS = YES;
				CLANG_WARN_DIRECT_OBJC_ISA_USAGE = YES_ERROR;
				CLANG_WARN_DOCUMENTATION_COMMENTS = YES;
				CLANG_WARN_EMPTY_BODY = YES;
				CLANG_WARN_ENUM_CONVERSION = YES;
				CLANG_WARN_INFINITE_RECURSION = YES;
				CLANG_WARN_INT_CONVERSION = YES;
				CLANG_WARN_NON_LITERAL_NULL_CONVERSION = YES;
				CLANG_WARN_OBJC_IMPLICIT_RETAIN_SELF = YES;
				CLANG_WARN_OBJC_LITERAL_CONVERSION = YES;
				CLANG_WARN_OBJC_ROOT_CLASS = YES_ERROR;
				CLANG_WARN_QUOTED_INCLUDE_IN_FRAMEWORK_HEADER = YES;
				CLANG_WARN_RANGE_LOOP_ANALYSIS = YES;
				CLANG_WARN_STRICT_PROTOTYPES = YES;
				CLANG_WARN_SUSPICIOUS_MOVE = YES;
				CLANG_WARN_UNGUARDED_AVAILABILITY = YES_AGGRESSIVE;
				CLANG_WARN_UNREACHABLE_CODE = YES;
				CLANG_WARN__DUPLICATE_METHOD_MATCH = YES;
				COPY_PHASE_STRIP = NO;
				DEBUG_INFORMATION_FORMAT = dwarf;
				ENABLE_STRICT_OBJC_MSGSEND = YES;
				ENABLE_TESTABILITY = YES;
				ENABLE_USER_SCRIPT_SANDBOXING = YES;
				GCC_C_LANGUAGE_STANDARD = gnu17;
				GCC_DYNAMIC_NO_PIC = NO;
				GCC_NO_COMMON_BLOCKS = YES;
				GCC_OPTIMIZATION_LEVEL = 0;
				GCC_PREPROCESSOR_DEFINITIONS = (
					"DEBUG=1",
					"$(inherited)",
				);
				GCC_WARN_64_TO_32_BIT_CONVERSION = YES;
				GCC_WARN_ABOUT_RETURN_TYPE = YES_ERROR;
				GCC_WARN_UNDECLARED_SELECTOR = YES;
				GCC_WARN_UNINITIALIZED_AUTOS = YES_AGGRESSIVE;
				GCC_WARN_UNUSED_FUNCTION = YES;
				GCC_WARN_UNUSED_VARIABLE = YES;
				IPHONEOS_DEPLOYMENT_TARGET = 17.5;
				LOCALIZATION_PREFERS_STRING_CATALOGS = YES;
				MTL_ENABLE_DEBUG_INFO = INCLUDE_SOURCE;
				MTL_FAST_MATH = YES;
				ONLY_ACTIVE_ARCH = YES;
				SDKROOT = iphoneos;
				SWIFT_ACTIVE_COMPILATION_CONDITIONS = "DEBUG $(inherited)";
				SWIFT_OPTIMIZATION_LEVEL = "-Onone";
			};
			name = Debug;
		};
		B7FD2F022C5040DE00FF48ED /* Release */ = {
			isa = XCBuildConfiguration;
			buildSettings = {
				ALWAYS_SEARCH_USER_PATHS = NO;
				ASSETCATALOG_COMPILER_GENERATE_SWIFT_ASSET_SYMBOL_EXTENSIONS = YES;
				CLANG_ANALYZER_NONNULL = YES;
				CLANG_ANALYZER_NUMBER_OBJECT_CONVERSION = YES_AGGRESSIVE;
				CLANG_CXX_LANGUAGE_STANDARD = "gnu++20";
				CLANG_ENABLE_MODULES = YES;
				CLANG_ENABLE_OBJC_ARC = YES;
				CLANG_ENABLE_OBJC_WEAK = YES;
				CLANG_WARN_BLOCK_CAPTURE_AUTORELEASING = YES;
				CLANG_WARN_BOOL_CONVERSION = YES;
				CLANG_WARN_COMMA = YES;
				CLANG_WARN_CONSTANT_CONVERSION = YES;
				CLANG_WARN_DEPRECATED_OBJC_IMPLEMENTATIONS = YES;
				CLANG_WARN_DIRECT_OBJC_ISA_USAGE = YES_ERROR;
				CLANG_WARN_DOCUMENTATION_COMMENTS = YES;
				CLANG_WARN_EMPTY_BODY = YES;
				CLANG_WARN_ENUM_CONVERSION = YES;
				CLANG_WARN_INFINITE_RECURSION = YES;
				CLANG_WARN_INT_CONVERSION = YES;
				CLANG_WARN_NON_LITERAL_NULL_CONVERSION = YES;
				CLANG_WARN_OBJC_IMPLICIT_RETAIN_SELF = YES;
				CLANG_WARN_OBJC_LITERAL_CONVERSION = YES;
				CLANG_WARN_OBJC_ROOT_CLASS = YES_ERROR;
				CLANG_WARN_QUOTED_INCLUDE_IN_FRAMEWORK_HEADER = YES;
				CLANG_WARN_RANGE_LOOP_ANALYSIS = YES;
				CLANG_WARN_STRICT_PROTOTYPES = YES;
				CLANG_WARN_SUSPICIOUS_MOVE = YES;
				CLANG_WARN_UNGUARDED_AVAILABILITY = YES_AGGRESSIVE;
				CLANG_WARN_UNREACHABLE_CODE = YES;
				CLANG_WARN__DUPLICATE_METHOD_MATCH = YES;
				COPY_PHASE_STRIP = NO;
				DEBUG_INFORMATION_FORMAT = "dwarf-with-dsym";
				ENABLE_NS_ASSERTIONS = NO;
				ENABLE_STRICT_OBJC_MSGSEND = YES;
				ENABLE_USER_SCRIPT_SANDBOXING = YES;
				GCC_C_LANGUAGE_STANDARD = gnu17;
				GCC_NO_COMMON_BLOCKS = YES;
				GCC_WARN_64_TO_32_BIT_CONVERSION = YES;
				GCC_WARN_ABOUT_RETURN_TYPE = YES_ERROR;
				GCC_WARN_UNDECLARED_SELECTOR = YES;
				GCC_WARN_UNINITIALIZED_AUTOS = YES_AGGRESSIVE;
				GCC_WARN_UNUSED_FUNCTION = YES;
				GCC_WARN_UNUSED_VARIABLE = YES;
				IPHONEOS_DEPLOYMENT_TARGET = 17.5;
				LOCALIZATION_PREFERS_STRING_CATALOGS = YES;
				MTL_ENABLE_DEBUG_INFO = NO;
				MTL_FAST_MATH = YES;
				SDKROOT = iphoneos;
				SWIFT_COMPILATION_MODE = wholemodule;
				VALIDATE_PRODUCT = YES;
			};
			name = Release;
		};
		B7FD2F042C5040DE00FF48ED /* Debug */ = {
			isa = XCBuildConfiguration;
			buildSettings = {
				ASSETCATALOG_COMPILER_APPICON_NAME = AppIcon;
				ASSETCATALOG_COMPILER_GLOBAL_ACCENT_COLOR_NAME = AccentColor;
				CODE_SIGN_STYLE = Automatic;
				CURRENT_PROJECT_VERSION = 1;
				DEVELOPMENT_TEAM = RF33FN78KS;
				GENERATE_INFOPLIST_FILE = YES;
				INFOPLIST_FILE = Pokedex/Info.plist;
				INFOPLIST_KEY_UIApplicationSupportsIndirectInputEvents = YES;
				INFOPLIST_KEY_UILaunchStoryboardName = LaunchScreen;
				INFOPLIST_KEY_UIMainStoryboardFile = "";
				INFOPLIST_KEY_UISupportedInterfaceOrientations_iPad = "UIInterfaceOrientationPortrait UIInterfaceOrientationPortraitUpsideDown UIInterfaceOrientationLandscapeLeft UIInterfaceOrientationLandscapeRight";
				INFOPLIST_KEY_UISupportedInterfaceOrientations_iPhone = "UIInterfaceOrientationPortrait UIInterfaceOrientationLandscapeLeft UIInterfaceOrientationLandscapeRight";
				LD_RUNPATH_SEARCH_PATHS = (
					"$(inherited)",
					"@executable_path/Frameworks",
				);
				MARKETING_VERSION = 1.0;
				PRODUCT_BUNDLE_IDENTIFIER = FelipeCortes.Pokedex;
				PRODUCT_NAME = "$(TARGET_NAME)";
				SWIFT_EMIT_LOC_STRINGS = YES;
				SWIFT_VERSION = 5.0;
				TARGETED_DEVICE_FAMILY = "1,2";
			};
			name = Debug;
		};
		B7FD2F052C5040DE00FF48ED /* Release */ = {
			isa = XCBuildConfiguration;
			buildSettings = {
				ASSETCATALOG_COMPILER_APPICON_NAME = AppIcon;
				ASSETCATALOG_COMPILER_GLOBAL_ACCENT_COLOR_NAME = AccentColor;
				CODE_SIGN_STYLE = Automatic;
				CURRENT_PROJECT_VERSION = 1;
				DEVELOPMENT_TEAM = RF33FN78KS;
				GENERATE_INFOPLIST_FILE = YES;
				INFOPLIST_FILE = Pokedex/Info.plist;
				INFOPLIST_KEY_UIApplicationSupportsIndirectInputEvents = YES;
				INFOPLIST_KEY_UILaunchStoryboardName = LaunchScreen;
				INFOPLIST_KEY_UIMainStoryboardFile = "";
				INFOPLIST_KEY_UISupportedInterfaceOrientations_iPad = "UIInterfaceOrientationPortrait UIInterfaceOrientationPortraitUpsideDown UIInterfaceOrientationLandscapeLeft UIInterfaceOrientationLandscapeRight";
				INFOPLIST_KEY_UISupportedInterfaceOrientations_iPhone = "UIInterfaceOrientationPortrait UIInterfaceOrientationLandscapeLeft UIInterfaceOrientationLandscapeRight";
				LD_RUNPATH_SEARCH_PATHS = (
					"$(inherited)",
					"@executable_path/Frameworks",
				);
				MARKETING_VERSION = 1.0;
				PRODUCT_BUNDLE_IDENTIFIER = FelipeCortes.Pokedex;
				PRODUCT_NAME = "$(TARGET_NAME)";
				SWIFT_EMIT_LOC_STRINGS = YES;
				SWIFT_VERSION = 5.0;
				TARGETED_DEVICE_FAMILY = "1,2";
			};
			name = Release;
		};
		B7FD2F072C5040DE00FF48ED /* Debug */ = {
			isa = XCBuildConfiguration;
			buildSettings = {
				ALWAYS_EMBED_SWIFT_STANDARD_LIBRARIES = YES;
				BUNDLE_LOADER = "$(TEST_HOST)";
				CODE_SIGN_STYLE = Automatic;
				CURRENT_PROJECT_VERSION = 1;
				DEVELOPMENT_TEAM = RF33FN78KS;
				GENERATE_INFOPLIST_FILE = YES;
				IPHONEOS_DEPLOYMENT_TARGET = 17.5;
				MARKETING_VERSION = 1.0;
				PRODUCT_BUNDLE_IDENTIFIER = FelipeCortes.PokedexTests;
				PRODUCT_NAME = "$(TARGET_NAME)";
				SWIFT_EMIT_LOC_STRINGS = NO;
				SWIFT_VERSION = 5.0;
				TARGETED_DEVICE_FAMILY = "1,2";
				TEST_HOST = "$(BUILT_PRODUCTS_DIR)/Pokedex.app/$(BUNDLE_EXECUTABLE_FOLDER_PATH)/Pokedex";
			};
			name = Debug;
		};
		B7FD2F082C5040DE00FF48ED /* Release */ = {
			isa = XCBuildConfiguration;
			buildSettings = {
				ALWAYS_EMBED_SWIFT_STANDARD_LIBRARIES = YES;
				BUNDLE_LOADER = "$(TEST_HOST)";
				CODE_SIGN_STYLE = Automatic;
				CURRENT_PROJECT_VERSION = 1;
				DEVELOPMENT_TEAM = RF33FN78KS;
				GENERATE_INFOPLIST_FILE = YES;
				IPHONEOS_DEPLOYMENT_TARGET = 17.5;
				MARKETING_VERSION = 1.0;
				PRODUCT_BUNDLE_IDENTIFIER = FelipeCortes.PokedexTests;
				PRODUCT_NAME = "$(TARGET_NAME)";
				SWIFT_EMIT_LOC_STRINGS = NO;
				SWIFT_VERSION = 5.0;
				TARGETED_DEVICE_FAMILY = "1,2";
				TEST_HOST = "$(BUILT_PRODUCTS_DIR)/Pokedex.app/$(BUNDLE_EXECUTABLE_FOLDER_PATH)/Pokedex";
			};
			name = Release;
		};
/* End XCBuildConfiguration section */

/* Begin XCConfigurationList section */
		B7FD2ED42C5040DC00FF48ED /* Build configuration list for PBXProject "Pokedex" */ = {
			isa = XCConfigurationList;
			buildConfigurations = (
				B7FD2F012C5040DE00FF48ED /* Debug */,
				B7FD2F022C5040DE00FF48ED /* Release */,
			);
			defaultConfigurationIsVisible = 0;
			defaultConfigurationName = Release;
		};
		B7FD2F032C5040DE00FF48ED /* Build configuration list for PBXNativeTarget "Pokedex" */ = {
			isa = XCConfigurationList;
			buildConfigurations = (
				B7FD2F042C5040DE00FF48ED /* Debug */,
				B7FD2F052C5040DE00FF48ED /* Release */,
			);
			defaultConfigurationIsVisible = 0;
			defaultConfigurationName = Release;
		};
		B7FD2F062C5040DE00FF48ED /* Build configuration list for PBXNativeTarget "PokedexTests" */ = {
			isa = XCConfigurationList;
			buildConfigurations = (
				B7FD2F072C5040DE00FF48ED /* Debug */,
				B7FD2F082C5040DE00FF48ED /* Release */,
			);
			defaultConfigurationIsVisible = 0;
			defaultConfigurationName = Release;
		};
/* End XCConfigurationList section */
	};
	rootObject = B7FD2ED12C5040DC00FF48ED /* Project object */;
}
